// !$*UTF8*$!
{
	archiveVersion = 1;
	classes = {
	};
	objectVersion = 39;
	objects = {
		014CEA420018CDE011CA2923 = {
			buildSettings = {
				COPY_PHASE_STRIP = NO;
				GCC_DEBUGGING_SYMBOLS = full;
				GCC_DYNAMIC_NO_PIC = NO;
				GCC_ENABLE_FIX_AND_CONTINUE = YES;
				GCC_GENERATE_DEBUGGING_SYMBOLS = YES;
				GCC_OPTIMIZATION_LEVEL = 0;
				OPTIMIZATION_CFLAGS = "-O0";
				ZERO_LINK = YES;
			};
			isa = PBXBuildStyle;
			name = Development;
		};
		014CEA430018CDE011CA2923 = {
			buildSettings = {
				COPY_PHASE_STRIP = YES;
				GCC_ENABLE_FIX_AND_CONTINUE = NO;
				GCC_PREPROCESSOR_DEFINITIONS = "";
				ZERO_LINK = NO;
			};
			isa = PBXBuildStyle;
			name = Deployment;
		};
//010
//011
//012
//013
//014
//080
//081
//082
//083
//084
		089C1669FE841209C02AAC07 = {
			buildSettings = {
			};
			buildStyles = (
				014CEA420018CDE011CA2923,
				014CEA430018CDE011CA2923,
			);
			hasScannedForEncodings = 1;
			isa = PBXProject;
			knownRegions = (
				English,
				Japanese,
				French,
				German,
				Spanish,
				Italian,
				Swedish,
				Danish,
				Dutch,
				no,
				Finnish,
				Turkish,
				he,
			);
			mainGroup = 089C166AFE841209C02AAC07;
			projectDirPath = "";
			projectReferences = (
				{
					ProductGroup = BC3EE0050764984A009DFA54;
					ProjectRef = BC3EE0040764984A009DFA54;
				},
			);
			targets = (
				8D5B49AC048680CD000E48DA,
			);
		};
		089C166AFE841209C02AAC07 = {
			children = (
				BC3EE00107649833009DFA54,
				BC958C3D06B29816006F9C43,
				BCE05355061B95F300238E7E,
				BC31BF5E05AA7C76003881B1,
				BC5A9131072D2ABE0040ADC4,
				08FB77AFFE84173DC02AAC07,
				32C88E010371C26100C91783,
				089C167CFE841241C02AAC07,
				089C1671FE841209C02AAC07,
				19C28FB8FE9D52D311CA2CBB,
			);
			isa = PBXGroup;
			name = WinSwitch;
			refType = 4;
			sourceTree = "<group>";
		};
		089C1671FE841209C02AAC07 = {
			children = (
				1058C7ACFEA557BF11CA2CBB,
			);
			isa = PBXGroup;
			name = "Frameworks and Libraries";
			refType = 4;
			sourceTree = "<group>";
		};
		089C167CFE841241C02AAC07 = {
			children = (
				BCA80B040618E96300B62BEA,
				BCE03878061A55C300238E7E,
				BC31BFF605AB16BF003881B1,
				BCE4F32905ABA98700A5A030,
				BCA80B37061903FB00B62BEA,
				BC31BEDD05AA5070003881B1,
				BC31BF6005AA7CBF003881B1,
				311DE2B4055C546C002E0C0D,
				BC9A57BA0619CB94004314F6,
				8D5B49B7048680CD000E48DA,
				BCE4F36D05AC471E00A5A030,
			);
			isa = PBXGroup;
			name = Resources;
			refType = 4;
			sourceTree = "<group>";
		};
		08FB77AFFE84173DC02AAC07 = {
			children = (
				31408C1C055C05C7000B2096,
				31408C1D055C05C7000B2096,
				31408C22055C0664000B2096,
				31408C23055C0664000B2096,
			);
			isa = PBXGroup;
			name = Classes;
			refType = 4;
			sourceTree = "<group>";
		};
//080
//081
//082
//083
//084
//100
//101
//102
//103
//104
		1058C7ACFEA557BF11CA2CBB = {
			children = (
				31408C28055C079E000B2096,
				31264968055C054C00DA5F94,
				BCD6902606F4A58E00E651A6,
				1058C7ADFEA557BF11CA2CBB,
			);
			isa = PBXGroup;
			name = "Linked Frameworks";
			refType = 4;
			sourceTree = "<group>";
		};
		1058C7ADFEA557BF11CA2CBB = {
			isa = PBXFileReference;
			lastKnownFileType = wrapper.framework;
			name = Cocoa.framework;
			path = /System/Library/Frameworks/Cocoa.framework;
			refType = 0;
			sourceTree = "<absolute>";
		};
//100
//101
//102
//103
//104
//190
//191
//192
//193
//194
		19C28FB8FE9D52D311CA2CBB = {
			children = (
				8D5B49B6048680CD000E48DA,
			);
			isa = PBXGroup;
			name = Products;
			refType = 4;
			sourceTree = "<group>";
		};
//190
//191
//192
//193
//194
//310
//311
//312
//313
//314
		311DE2B4055C546C002E0C0D = {
			isa = PBXFileReference;
			lastKnownFileType = image.tiff;
			path = userIcon.tiff;
			refType = 4;
			sourceTree = "<group>";
		};
		31264968055C054C00DA5F94 = {
			isa = PBXFileReference;
			lastKnownFileType = wrapper.framework;
			name = SystemUIPlugin.framework;
			path = /System/Library/PrivateFrameworks/SystemUIPlugin.framework;
			refType = 0;
			sourceTree = "<absolute>";
		};
		31264969055C054C00DA5F94 = {
			fileRef = 31264968055C054C00DA5F94;
			isa = PBXBuildFile;
			settings = {
			};
		};
		31408C1C055C05C7000B2096 = {
			fileEncoding = 4;
			isa = PBXFileReference;
			lastKnownFileType = sourcecode.c.h;
			path = WOWinSwitchMenuExtra.h;
			refType = 4;
			sourceTree = "<group>";
		};
		31408C1D055C05C7000B2096 = {
			fileEncoding = 4;
			isa = PBXFileReference;
			lastKnownFileType = sourcecode.c.objc;
			path = WOWinSwitchMenuExtra.m;
			refType = 4;
			sourceTree = "<group>";
		};
		31408C1E055C05C7000B2096 = {
			fileRef = 31408C1C055C05C7000B2096;
			isa = PBXBuildFile;
			settings = {
			};
		};
		31408C1F055C05C7000B2096 = {
			fileRef = 31408C1D055C05C7000B2096;
			isa = PBXBuildFile;
			settings = {
			};
		};
		31408C22055C0664000B2096 = {
			fileEncoding = 4;
			isa = PBXFileReference;
			lastKnownFileType = sourcecode.c.h;
			path = WOWinSwitchMenuExtraView.h;
			refType = 4;
			sourceTree = "<group>";
		};
		31408C23055C0664000B2096 = {
			fileEncoding = 4;
			isa = PBXFileReference;
			lastKnownFileType = sourcecode.c.objc;
			path = WOWinSwitchMenuExtraView.m;
			refType = 4;
			sourceTree = "<group>";
		};
		31408C24055C0664000B2096 = {
			fileRef = 31408C22055C0664000B2096;
			isa = PBXBuildFile;
			settings = {
			};
		};
		31408C25055C0664000B2096 = {
			fileRef = 31408C23055C0664000B2096;
			isa = PBXBuildFile;
			settings = {
			};
		};
		31408C28055C079E000B2096 = {
			fileEncoding = 30;
			isa = PBXFileReference;
			lastKnownFileType = sourcecode.c.h;
			path = SystemUIPlugin_Panther.h;
			refType = 4;
			sourceTree = "<group>";
		};
		31408C29055C079E000B2096 = {
			fileRef = 31408C28055C079E000B2096;
			isa = PBXBuildFile;
			settings = {
			};
		};
		3166A9170560081F00B604B6 = {
			fileEncoding = 10;
			isa = PBXFileReference;
			lastKnownFileType = text.plist.strings;
			name = English;
			path = English.lproj/InfoPlist.strings;
			refType = 4;
			sourceTree = "<group>";
		};
//310
//311
//312
//313
//314
//320
//321
//322
//323
//324
		32C88E010371C26100C91783 = {
			children = (
				BCE4F33B05AC3CB300A5A030,
				BC34B764081910CF004DB8F7,
				32DBCF630370AF2F00C91783,
			);
			isa = PBXGroup;
			name = "Other Sources";
			refType = 4;
			sourceTree = "<group>";
		};
		32DBCF630370AF2F00C91783 = {
			fileEncoding = 4;
			isa = PBXFileReference;
			lastKnownFileType = sourcecode.c.h;
			path = WOWinSwitch.pch;
			refType = 4;
			sourceTree = "<group>";
		};
//320
//321
//322
//323
//324
//8D0
//8D1
//8D2
//8D3
//8D4
		8D5B49AC048680CD000E48DA = {
			buildPhases = (
				8D5B49AD048680CD000E48DA,
				8D5B49AF048680CD000E48DA,
				8D5B49B1048680CD000E48DA,
				8D5B49B3048680CD000E48DA,
				BC3EE01E076498D9009DFA54,
				BC31BF6305AA7D06003881B1,
			);
			buildRules = (
			);
			buildSettings = {
				FRAMEWORK_SEARCH_PATHS = "\"$(SYSTEM_LIBRARY_DIR)/PrivateFrameworks\"";
				GCC_C_LANGUAGE_STANDARD = gnu99;
				GCC_ENABLE_CPP_EXCEPTIONS = NO;
				GCC_ENABLE_CPP_RTTI = NO;
				GCC_ENABLE_OBJC_EXCEPTIONS = YES;
				GCC_ENABLE_TRIGRAPHS = NO;
				GCC_GENERATE_DEBUGGING_SYMBOLS = NO;
				GCC_PRECOMPILE_PREFIX_HEADER = YES;
				GCC_PREFIX_HEADER = WOWinSwitch.pch;
				GCC_WARN_FOUR_CHARACTER_CONSTANTS = NO;
				GCC_WARN_UNKNOWN_PRAGMAS = NO;
				HEADER_SEARCH_PATHS = "\"$(SRCROOT)/include\"";
				INFOPLIST_FILE = Info.plist;
				INSTALL_PATH = "$(HOME)/Library/Bundles";
				LIBRARY_SEARCH_PATHS = "";
				LIBRARY_STYLE = Bundle;
				MACOSX_DEPLOYMENT_TARGET = 10.3;
				OTHER_CFLAGS = "";
				OTHER_LDFLAGS = "";
				OTHER_REZFLAGS = "";
				PRODUCT_NAME = WinSwitch;
				SECTORDER_FLAGS = "";
				WARNING_CFLAGS = "-Wmost -Wno-four-char-constants -Wno-unknown-pragmas";
				WRAPPER_EXTENSION = menu;
			};
			dependencies = (
				BC3EE02107649904009DFA54,
			);
			isa = PBXNativeTarget;
			name = WinSwitch;
			productInstallPath = "$(HOME)/Library/Bundles";
			productName = SampleMenu;
			productReference = 8D5B49B6048680CD000E48DA;
			productType = "com.apple.product-type.bundle";
		};
		8D5B49AD048680CD000E48DA = {
			buildActionMask = 2147483647;
			files = (
				8D5B49AE048680CD000E48DA,
				31408C1E055C05C7000B2096,
				31408C24055C0664000B2096,
				31408C29055C079E000B2096,
				BCE4F33C05AC3CB300A5A030,
				BC5A9136072D2AD60040ADC4,
				BC34B765081910CF004DB8F7,
			);
			isa = PBXHeadersBuildPhase;
			runOnlyForDeploymentPostprocessing = 0;
		};
		8D5B49AE048680CD000E48DA = {
			fileRef = 32DBCF630370AF2F00C91783;
			isa = PBXBuildFile;
			settings = {
			};
		};
		8D5B49AF048680CD000E48DA = {
			buildActionMask = 2147483647;
			files = (
				BCE4F36E05AC471E00A5A030,
				BC31BEDF05AA5070003881B1,
				BCE4F39205AC61DF00A5A030,
				BCA80A1106173E5B00B62BEA,
				BCA80A1206173E5C00B62BEA,
				BCA80A1406173E5E00B62BEA,
				BCA80B050618E96300B62BEA,
				BCA80B38061903FB00B62BEA,
				BC9A57BB0619CB94004314F6,
				BCE03879061A55C300238E7E,
			);
			isa = PBXResourcesBuildPhase;
			runOnlyForDeploymentPostprocessing = 0;
		};
		8D5B49B1048680CD000E48DA = {
			buildActionMask = 2147483647;
			files = (
				31408C1F055C05C7000B2096,
				31408C25055C0664000B2096,
				BC5A9137072D2AD60040ADC4,
			);
			isa = PBXSourcesBuildPhase;
			runOnlyForDeploymentPostprocessing = 0;
		};
		8D5B49B3048680CD000E48DA = {
			buildActionMask = 2147483647;
			files = (
				8D5B49B4048680CD000E48DA,
				31264969055C054C00DA5F94,
				BCD6902706F4A58E00E651A6,
			);
			isa = PBXFrameworksBuildPhase;
			runOnlyForDeploymentPostprocessing = 0;
		};
		8D5B49B4048680CD000E48DA = {
			fileRef = 1058C7ADFEA557BF11CA2CBB;
			isa = PBXBuildFile;
			settings = {
			};
		};
		8D5B49B6048680CD000E48DA = {
			explicitFileType = wrapper.cfbundle;
			includeInIndex = 0;
			isa = PBXFileReference;
			path = WinSwitch.menu;
			refType = 3;
			sourceTree = BUILT_PRODUCTS_DIR;
		};
		8D5B49B7048680CD000E48DA = {
			fileEncoding = 4;
			isa = PBXFileReference;
			lastKnownFileType = text.plist;
			path = Info.plist;
			refType = 4;
			sourceTree = "<group>";
		};
//8D0
//8D1
//8D2
//8D3
//8D4
//BC0
//BC1
//BC2
//BC3
//BC4
		BC21955806D76F0C00E6DDD8 = {
			fileEncoding = 30;
			isa = PBXFileReference;
			lastKnownFileType = sourcecode.rez;
			path = "activate-winswitch-command-icon.r";
			refType = 4;
			sourceTree = "<group>";
		};
		BC31BEDD05AA5070003881B1 = {
			children = (
				BC31BEDE05AA5070003881B1,
				BC31BEE205AA5082003881B1,
				BC9A57A30619C0A2004314F6,
				BC577A49061E52D800C5B355,
				BC7489980621C0CA002E7F0F,
				BC56E8210652BF2500D9027E,
				BCA21F3E0684F79D00F97840,
				BCC0E3D706B44D3B0020437A,
				BCC0EB0406B532750020437A,
				BC3E773806EEF36C00FA0245,
				BC5DC86307414D2E0076A1DF,
				BC51899807DE305500BBD55C,
				BC5B4B5C07EE1DB10023DE9C,
			);
			isa = PBXVariantGroup;
			name = Localizable.strings;
			path = "";
			refType = 4;
			sourceTree = "<group>";
		};
		BC31BEDE05AA5070003881B1 = {
			fileEncoding = 10;
			isa = PBXFileReference;
			lastKnownFileType = text.plist.strings;
			name = English;
			path = English.lproj/Localizable.strings;
			refType = 4;
			sourceTree = "<group>";
		};
		BC31BEDF05AA5070003881B1 = {
			fileRef = BC31BEDD05AA5070003881B1;
			isa = PBXBuildFile;
			settings = {
			};
		};
		BC31BEE205AA5082003881B1 = {
			isa = PBXFileReference;
			lastKnownFileType = text.plist.strings;
			name = Spanish;
			path = Spanish.lproj/Localizable.strings;
			refType = 4;
			sourceTree = "<group>";
		};
		BC31BF5E05AA7C76003881B1 = {
			children = (
				BC31BF5F05AA7CBF003881B1,
			);
			isa = PBXGroup;
			name = Scripts;
			refType = 4;
			sourceTree = "<group>";
		};
		BC31BF5F05AA7CBF003881B1 = {
			fileEncoding = 30;
			isa = PBXFileReference;
			lastKnownFileType = text.script.sh;
			path = SetFolderIcon;
			refType = 4;
			sourceTree = "<group>";
		};
		BC31BF6005AA7CBF003881B1 = {
			isa = PBXFileReference;
			lastKnownFileType = image.icns;
			path = WinSwitch.icns;
			refType = 4;
			sourceTree = "<group>";
		};
		BC31BF6305AA7D06003881B1 = {
			buildActionMask = 2147483647;
			files = (
			);
			inputPaths = (
			);
			isa = PBXShellScriptBuildPhase;
			outputPaths = (
			);
			runOnlyForDeploymentPostprocessing = 0;
			shellPath = /bin/sh;
			shellScript = "#!/bin/sh\n\n# set custom icon on WinSwitch.menu bundle folder\n\n. ${SRCROOT}/SetFolderIcon ${TARGET_BUILD_DIR}/${FULL_PRODUCT_NAME} WinSwitch.icns\n\n# set custom icon on activate-winswitch.command (Subversion strips resource forks)\n\n/Developer/Tools/SetFile -a C ${SRCROOT}/activate-winswitch.command\n\n/Developer/Tools/Rez \t${SRCROOT}/activate-winswitch-command-icon.r \\\n\t\t\t\t\t-o ${SRCROOT}/activate-winswitch.command/..namedfork/rsrc";
		};
		BC31BFF605AB16BF003881B1 = {
			isa = PBXFileReference;
			lastKnownFileType = image.tiff;
			path = tick.tiff;
			refType = 4;
			sourceTree = "<group>";
		};
		BC34B764081910CF004DB8F7 = {
			fileEncoding = 4;
			isa = PBXFileReference;
			lastKnownFileType = sourcecode.c.h;
			path = SystemUIPlugin_Tiger.h;
			refType = 4;
			sourceTree = "<group>";
		};
		BC34B765081910CF004DB8F7 = {
			fileRef = BC34B764081910CF004DB8F7;
			isa = PBXBuildFile;
			settings = {
			};
		};
		BC3E773706EEF36C00FA0245 = {
			isa = PBXFileReference;
			lastKnownFileType = text.plist.strings;
			name = no;
			path = no.lproj/InfoPlist.strings;
			refType = 4;
			sourceTree = "<group>";
		};
		BC3E773806EEF36C00FA0245 = {
			isa = PBXFileReference;
			lastKnownFileType = text.plist.strings;
			name = no;
			path = no.lproj/Localizable.strings;
			refType = 4;
			sourceTree = "<group>";
		};
		BC3EE00107649833009DFA54 = {
			children = (
				BC3EE0040764984A009DFA54,
			);
			isa = PBXGroup;
			name = Dependencies;
			refType = 4;
			sourceTree = "<group>";
		};
		BC3EE0040764984A009DFA54 = {
			isa = PBXFileReference;
			lastKnownFileType = "wrapper.pb-project";
			name = WinSwitchHelper.xcode;
			path = "/Users/wincent/trabajo/WinSwitchHelper/svn-files/WinSwitchHelper.xcode";
			refType = 0;
			sourceTree = "<absolute>";
		};
		BC3EE0050764984A009DFA54 = {
			children = (
				BC3EE0090764984C009DFA54,
			);
			isa = PBXGroup;
			name = Products;
			refType = 4;
			sourceTree = "<group>";
		};
		BC3EE0090764984C009DFA54 = {
			fileType = wrapper.application;
			isa = PBXReferenceProxy;
			path = WinSwitchHelper.app;
			refType = 3;
			remoteRef = BC3EE00A0764987D009DFA54;
			sourceTree = BUILT_PRODUCTS_DIR;
		};
		BC3EE00A0764987D009DFA54 = {
			containerPortal = BC3EE0040764984A009DFA54;
			isa = PBXContainerItemProxy;
			proxyType = 2;
			remoteGlobalIDString = 8D1107320486CEB800E47090;
			remoteInfo = WinSwitchHelper;
		};
		BC3EE01E076498D9009DFA54 = {
			buildActionMask = 2147483647;
			dstPath = "";
			dstSubfolderSpec = 7;
			files = (
				BC3EE01F076498E5009DFA54,
			);
			isa = PBXCopyFilesBuildPhase;
			runOnlyForDeploymentPostprocessing = 0;
		};
		BC3EE01F076498E5009DFA54 = {
			fileRef = BC3EE0090764984C009DFA54;
			isa = PBXBuildFile;
			settings = {
			};
		};
		BC3EE02007649904009DFA54 = {
			containerPortal = BC3EE0040764984A009DFA54;
			isa = PBXContainerItemProxy;
			proxyType = 1;
			remoteGlobalIDString = 8D1107260486CEB800E47090;
			remoteInfo = WinSwitchHelper;
		};
		BC3EE02107649904009DFA54 = {
			isa = PBXTargetDependency;
			name = "WinSwitchHelper (from WinSwitchHelper.xcode)";
			targetProxy = BC3EE02007649904009DFA54;
		};
		BC51899707DE305500BBD55C = {
			isa = PBXFileReference;
			lastKnownFileType = text.plist.strings;
			name = Turkish;
			path = Turkish.lproj/InfoPlist.strings;
			refType = 4;
			sourceTree = "<group>";
		};
		BC51899807DE305500BBD55C = {
			isa = PBXFileReference;
			lastKnownFileType = text.plist.strings;
			name = Turkish;
			path = Turkish.lproj/Localizable.strings;
			refType = 4;
			sourceTree = "<group>";
		};
		BC56E8200652BF2500D9027E = {
			isa = PBXFileReference;
			lastKnownFileType = text.plist.strings;
			name = Swedish;
			path = Swedish.lproj/InfoPlist.strings;
			refType = 4;
			sourceTree = "<group>";
		};
		BC56E8210652BF2500D9027E = {
			fileEncoding = 10;
			isa = PBXFileReference;
			lastKnownFileType = text.plist.strings;
			name = Swedish;
			path = Swedish.lproj/Localizable.strings;
			refType = 4;
			sourceTree = "<group>";
		};
		BC577A49061E52D800C5B355 = {
			isa = PBXFileReference;
			lastKnownFileType = text.plist.strings;
			name = French;
			path = French.lproj/Localizable.strings;
			refType = 4;
			sourceTree = "<group>";
		};
		BC577A4A061E52D800C5B355 = {
			isa = PBXFileReference;
			lastKnownFileType = text.plist.strings;
			name = French;
			path = French.lproj/InfoPlist.strings;
			refType = 4;
			sourceTree = "<group>";
		};
		BC5A9131072D2ABE0040ADC4 = {
			children = (
				BC5A9134072D2AD60040ADC4,
				BC5A9135072D2AD60040ADC4,
			);
			isa = PBXGroup;
			name = Categories;
			refType = 4;
			sourceTree = "<group>";
		};
		BC5A9134072D2AD60040ADC4 = {
			fileEncoding = 4;
			isa = PBXFileReference;
			lastKnownFileType = sourcecode.c.h;
			path = "NSString+WOWinSwitchExtensions.h";
			refType = 4;
			sourceTree = "<group>";
		};
		BC5A9135072D2AD60040ADC4 = {
			fileEncoding = 4;
			isa = PBXFileReference;
			lastKnownFileType = sourcecode.c.objc;
			path = "NSString+WOWinSwitchExtensions.m";
			refType = 4;
			sourceTree = "<group>";
		};
		BC5A9136072D2AD60040ADC4 = {
			fileRef = BC5A9134072D2AD60040ADC4;
			isa = PBXBuildFile;
			settings = {
			};
		};
		BC5A9137072D2AD60040ADC4 = {
			fileRef = BC5A9135072D2AD60040ADC4;
			isa = PBXBuildFile;
			settings = {
			};
		};
		BC5B4B5B07EE1DB10023DE9C = {
			isa = PBXFileReference;
			lastKnownFileType = text.plist.strings;
			name = he;
			path = he.lproj/InfoPlist.strings;
			refType = 4;
			sourceTree = "<group>";
		};
		BC5B4B5C07EE1DB10023DE9C = {
			isa = PBXFileReference;
			lastKnownFileType = text.plist.strings;
			name = he;
			path = he.lproj/Localizable.strings;
			refType = 4;
			sourceTree = "<group>";
		};
		BC5DC86307414D2E0076A1DF = {
			isa = PBXFileReference;
			lastKnownFileType = text.plist.strings;
			name = Finnish;
			path = Finnish.lproj/Localizable.strings;
			refType = 4;
			sourceTree = "<group>";
		};
		BC5DC86407414D2E0076A1DF = {
			isa = PBXFileReference;
			lastKnownFileType = text.plist.strings;
			name = Finnish;
			path = Finnish.lproj/InfoPlist.strings;
			refType = 4;
			sourceTree = "<group>";
		};
		BC7489970621C0CA002E7F0F = {
			isa = PBXFileReference;
			lastKnownFileType = text.plist.strings;
			name = Italian;
			path = Italian.lproj/InfoPlist.strings;
			refType = 4;
			sourceTree = "<group>";
		};
		BC7489980621C0CA002E7F0F = {
			isa = PBXFileReference;
			lastKnownFileType = text.plist.strings;
			name = Italian;
			path = Italian.lproj/Localizable.strings;
			refType = 4;
			sourceTree = "<group>";
		};
		BC958C3D06B29816006F9C43 = {
			children = (
				BC958C4206B2982C006F9C43,
				BC958C4306B2982C006F9C43,
			);
			isa = PBXGroup;
			name = Utilities;
			refType = 4;
			sourceTree = "<group>";
		};
		BC958C4206B2982C006F9C43 = {
			fileEncoding = 30;
			isa = PBXFileReference;
			lastKnownFileType = text.script.sh;
			path = "create-branch.sh";
			refType = 4;
			sourceTree = "<group>";
		};
		BC958C4306B2982C006F9C43 = {
			fileEncoding = 30;
			isa = PBXFileReference;
			lastKnownFileType = text.script.sh;
			path = "tag-release.sh";
			refType = 4;
			sourceTree = "<group>";
		};
		BC9A57A20619C08C004314F6 = {
			fileEncoding = 10;
			isa = PBXFileReference;
			lastKnownFileType = text.plist.strings;
			name = German;
			path = German.lproj/InfoPlist.strings;
			refType = 4;
			sourceTree = "<group>";
		};
		BC9A57A30619C0A2004314F6 = {
			fileEncoding = 10;
			isa = PBXFileReference;
			lastKnownFileType = text.plist.strings;
			name = German;
			path = German.lproj/Localizable.strings;
			refType = 4;
			sourceTree = "<group>";
		};
		BC9A57BA0619CB94004314F6 = {
			isa = PBXFileReference;
			lastKnownFileType = image.tiff;
			path = userIconAlt.tiff;
			refType = 4;
			sourceTree = "<group>";
		};
		BC9A57BB0619CB94004314F6 = {
			fileRef = BC9A57BA0619CB94004314F6;
			isa = PBXBuildFile;
			settings = {
			};
		};
		BCA21F3E0684F79D00F97840 = {
			isa = PBXFileReference;
			lastKnownFileType = text.plist.strings;
			name = Japanese;
			path = Japanese.lproj/Localizable.strings;
			refType = 4;
			sourceTree = "<group>";
		};
		BCA21F3F0684F79D00F97840 = {
			isa = PBXFileReference;
			lastKnownFileType = text.plist.strings;
			name = Japanese;
			path = Japanese.lproj/InfoPlist.strings;
			refType = 4;
			sourceTree = "<group>";
		};
		BCA80A1106173E5B00B62BEA = {
			fileRef = BC31BFF605AB16BF003881B1;
			isa = PBXBuildFile;
			settings = {
			};
		};
		BCA80A1206173E5C00B62BEA = {
			fileRef = BCE4F32905ABA98700A5A030;
			isa = PBXBuildFile;
			settings = {
			};
		};
		BCA80A1406173E5E00B62BEA = {
			fileRef = 311DE2B4055C546C002E0C0D;
			isa = PBXBuildFile;
			settings = {
			};
		};
		BCA80B040618E96300B62BEA = {
			isa = PBXFileReference;
			lastKnownFileType = wrapper.cfbundle;
			path = MenuCracker.menu;
			refType = 4;
			sourceTree = "<group>";
		};
		BCA80B050618E96300B62BEA = {
			fileRef = BCA80B040618E96300B62BEA;
			isa = PBXBuildFile;
			settings = {
			};
		};
		BCA80B37061903FB00B62BEA = {
			isa = PBXFileReference;
			lastKnownFileType = image.tiff;
			path = generic.tiff;
			refType = 4;
			sourceTree = "<group>";
		};
		BCA80B38061903FB00B62BEA = {
			fileRef = BCA80B37061903FB00B62BEA;
			isa = PBXBuildFile;
			settings = {
			};
		};
		BCC0E3D706B44D3B0020437A = {
			fileEncoding = 10;
			isa = PBXFileReference;
			lastKnownFileType = text.plist.strings;
			name = Danish;
			path = Danish.lproj/Localizable.strings;
			refType = 4;
			sourceTree = "<group>";
		};
		BCC0E3D806B44D3B0020437A = {
			isa = PBXFileReference;
			lastKnownFileType = text.plist.strings;
			name = Danish;
			path = Danish.lproj/InfoPlist.strings;
			refType = 4;
			sourceTree = "<group>";
		};
		BCC0EB0406B532750020437A = {
			isa = PBXFileReference;
			lastKnownFileType = text.plist.strings;
			name = Dutch;
			path = Dutch.lproj/Localizable.strings;
			refType = 4;
			sourceTree = "<group>";
		};
		BCC0EB0506B532750020437A = {
			isa = PBXFileReference;
			lastKnownFileType = text.plist.strings;
			name = Dutch;
			path = Dutch.lproj/InfoPlist.strings;
			refType = 4;
			sourceTree = "<group>";
		};
		BCD6902606F4A58E00E651A6 = {
			isa = PBXFileReference;
			lastKnownFileType = wrapper.framework;
			name = ApplicationServices.framework;
			path = /System/Library/Frameworks/ApplicationServices.framework;
			refType = 0;
			sourceTree = "<absolute>";
		};
		BCD6902706F4A58E00E651A6 = {
			fileRef = BCD6902606F4A58E00E651A6;
			isa = PBXBuildFile;
			settings = {
			};
		};
		BCE03878061A55C300238E7E = {
			isa = PBXFileReference;
			lastKnownFileType = "compiled.mach-o.executable";
			path = "menu-extra-tool";
			refType = 4;
			sourceTree = "<group>";
		};
		BCE03879061A55C300238E7E = {
			fileRef = BCE03878061A55C300238E7E;
			isa = PBXBuildFile;
			settings = {
			};
		};
		BCE05355061B95F300238E7E = {
			children = (
				BC21955806D76F0C00E6DDD8,
				BCE05358061B961500238E7E,
				BCE05359061B961500238E7E,
				BCE0535A061B961500238E7E,
			);
			isa = PBXGroup;
			name = Other;
			refType = 4;
			sourceTree = "<group>";
		};
		BCE05358061B961500238E7E = {
			fileEncoding = 30;
			isa = PBXFileReference;
			lastKnownFileType = text.script.sh;
			path = "activate-winswitch.command";
			refType = 4;
			sourceTree = "<group>";
		};
		BCE05359061B961500238E7E = {
			fileEncoding = 30;
			isa = PBXFileReference;
			lastKnownFileType = text;
			path = CHANGELOG.txt;
			refType = 4;
			sourceTree = "<group>";
		};
		BCE0535A061B961500238E7E = {
			fileEncoding = 30;
			isa = PBXFileReference;
			lastKnownFileType = text;
			path = TODO.txt;
			refType = 4;
			sourceTree = "<group>";
		};
		BCE4F32905ABA98700A5A030 = {
			isa = PBXFileReference;
			lastKnownFileType = image.tiff;
			path = noTick.tiff;
			refType = 4;
			sourceTree = "<group>";
		};
		BCE4F33B05AC3CB300A5A030 = {
			fileEncoding = 30;
			isa = PBXFileReference;
			lastKnownFileType = sourcecode.c.h;
			path = SystemUIPlugin_Panther.h;
			refType = 4;
			sourceTree = "<group>";
		};
		BCE4F33C05AC3CB300A5A030 = {
			fileRef = BCE4F33B05AC3CB300A5A030;
			isa = PBXBuildFile;
			settings = {
			};
		};
		BCE4F36D05AC471E00A5A030 = {
			children = (
				3166A9170560081F00B604B6,
				BCE4F36F05AC472400A5A030,
				BC9A57A20619C08C004314F6,
				BC577A4A061E52D800C5B355,
				BC7489970621C0CA002E7F0F,
				BC56E8200652BF2500D9027E,
				BCA21F3F0684F79D00F97840,
				BCC0E3D806B44D3B0020437A,
				BCC0EB0506B532750020437A,
				BC3E773706EEF36C00FA0245,
				BC5DC86407414D2E0076A1DF,
				BC51899707DE305500BBD55C,
				BC5B4B5B07EE1DB10023DE9C,
			);
			isa = PBXVariantGroup;
			name = InfoPlist.strings;
			refType = 4;
			sourceTree = "<group>";
		};
		BCE4F36E05AC471E00A5A030 = {
			fileRef = BCE4F36D05AC471E00A5A030;
			isa = PBXBuildFile;
			settings = {
			};
		};
		BCE4F36F05AC472400A5A030 = {
			isa = PBXFileReference;
			lastKnownFileType = text.plist.strings;
			name = Spanish;
			path = Spanish.lproj/InfoPlist.strings;
			refType = 4;
			sourceTree = "<group>";
		};
		BCE4F39205AC61DF00A5A030 = {
			fileRef = 8D5B49B7048680CD000E48DA;
			isa = PBXBuildFile;
			settings = {
			};
		};
	};
	rootObject = 089C1669FE841209C02AAC07;
}
